
Microsoft Visual Studio Solution File, Format Version 12.00
# Visual Studio Version 17
VisualStudioVersion = 17.7.34024.191
MinimumVisualStudioVersion = 10.0.40219.1
Project("{FAE04EC0-301F-11D3-BF4B-00C04F79EFBC}") = "TrabalhoAvaliativo2", "TrabalhoAvaliativo2.csproj", "{A20D549E-BAF9-4F22-8E19-AB437E70C083}"
EndProject
Global
	GlobalSection(SolutionConfigurationPlatforms) = preSolution
		Debug|Any CPU = Debug|Any CPU
		Release|Any CPU = Release|Any CPU
	EndGlobalSection
	GlobalSection(ProjectConfigurationPlatforms) = postSolution
		{A20D549E-BAF9-4F22-8E19-AB437E70C083}.Debug|Any CPU.ActiveCfg = Debug|Any CPU
		{A20D549E-BAF9-4F22-8E19-AB437E70C083}.Debug|Any CPU.Build.0 = Debug|Any CPU
		{A20D549E-BAF9-4F22-8E19-AB437E70C083}.Release|Any CPU.ActiveCfg = Release|Any CPU
		{A20D549E-BAF9-4F22-8E19-AB437E70C083}.Release|Any CPU.Build.0 = Release|Any CPU
	EndGlobalSection
	GlobalSection(SolutionProperties) = preSolution
		HideSolutionNode = FALSE
	EndGlobalSection
	GlobalSection(ExtensibilityGlobals) = postSolution
		SolutionGuid = {F348C584-1736-42C9-86D3-539CE60A94CE}
	EndGlobalSection
EndGlobal
